
Microsoft Visual Studio Solution File, Format Version 12.00
Project("{FAE04EC0-301F-11D3-BF4B-00C04F79EFBC}") = "Match3Test", "Match3Test\Match3Test.csproj", "{4FE7D563-2AC6-497D-880B-593595C77830}"
EndProject
Project("{FAE04EC0-301F-11D3-BF4B-00C04F79EFBC}") = "TestProject1", "TestProject1\TestProject1.csproj", "{808BE154-D614-4FA9-B74E-D1E4F3C32A09}"
EndProject
Global
	GlobalSection(SolutionConfigurationPlatforms) = preSolution
		Debug|Any CPU = Debug|Any CPU
		Release|Any CPU = Release|Any CPU
	EndGlobalSection
	GlobalSection(ProjectConfigurationPlatforms) = postSolution
		{4FE7D563-2AC6-497D-880B-593595C77830}.Debug|Any CPU.ActiveCfg = Debug|Any CPU
		{4FE7D563-2AC6-497D-880B-593595C77830}.Debug|Any CPU.Build.0 = Debug|Any CPU
		{4FE7D563-2AC6-497D-880B-593595C77830}.Release|Any CPU.ActiveCfg = Release|Any CPU
		{4FE7D563-2AC6-497D-880B-593595C77830}.Release|Any CPU.Build.0 = Release|Any CPU
		{808BE154-D614-4FA9-B74E-D1E4F3C32A09}.Debug|Any CPU.ActiveCfg = Debug|Any CPU
		{808BE154-D614-4FA9-B74E-D1E4F3C32A09}.Debug|Any CPU.Build.0 = Debug|Any CPU
		{808BE154-D614-4FA9-B74E-D1E4F3C32A09}.Release|Any CPU.ActiveCfg = Release|Any CPU
		{808BE154-D614-4FA9-B74E-D1E4F3C32A09}.Release|Any CPU.Build.0 = Release|Any CPU
	EndGlobalSection
EndGlobal
